{
  "lockfileVersion": 1,
  "configVersion": 0,
  "workspaces": {
    "": {
      "name": "@mateffy/struktur",
      "dependencies": {
        "@ai-sdk/anthropic": "^3.0.0",
        "@ai-sdk/google": "^3.0.0",
        "@ai-sdk/openai": "^3.0.0",
        "@openrouter/ai-sdk-provider": "^2.0.0",
        "ai": "^6.0.97",
        "ajv": "^8.17.1",
        "ajv-formats": "^3.0.1",
        "citty": "^0.2.1",
        "crc-32": "^1.2.2",
        "pdf-parse": "^2.4.5",
        "yocto-spinner": "^1.1.0",
      },
      "devDependencies": {
        "@types/bun": "latest",
      },
      "peerDependencies": {
        "typescript": "^5",
      },
    },
  },
  "packages": {
    "@ai-sdk/anthropic": ["@ai-sdk/anthropic@3.0.46", "", { "dependencies": { "@ai-sdk/provider": "3.0.8", "@ai-sdk/provider-utils": "4.0.15" }, "peerDependencies": { "zod": "^3.25.76 || ^4.1.8" } }, "sha512-zXJPiNHaIiQ6XUqLeSYZ3ZbSzjqt1pNWEUf2hlkXlmmw8IF8KI0ruuGaDwKCExmtuNRf0E4TDxhsc9wRgWTzpw=="],

    "@ai-sdk/gateway": ["@ai-sdk/gateway@3.0.53", "", { "dependencies": { "@ai-sdk/provider": "3.0.8", "@ai-sdk/provider-utils": "4.0.15", "@vercel/oidc": "3.1.0" }, "peerDependencies": { "zod": "^3.25.76 || ^4.1.8" } }, "sha512-QT3FEoNARMRlk8JJVR7L98exiK9C8AGfrEJVbRxBT1yIXKs/N19o/+PsjTRVsARgDJNcy9JbJp1FspKucEat0Q=="],

    "@ai-sdk/google": ["@ai-sdk/google@3.0.30", "", { "dependencies": { "@ai-sdk/provider": "3.0.8", "@ai-sdk/provider-utils": "4.0.15" }, "peerDependencies": { "zod": "^3.25.76 || ^4.1.8" } }, "sha512-ZzG6dU0XUSSXbxQJJTQUFpWeKkfzdpR7IykEZwaiaW5d+3u3RZ/zkRiGwAOcUpLp6k0eMd+IJF4looJv21ecxw=="],

    "@ai-sdk/openai": ["@ai-sdk/openai@3.0.30", "", { "dependencies": { "@ai-sdk/provider": "3.0.8", "@ai-sdk/provider-utils": "4.0.15" }, "peerDependencies": { "zod": "^3.25.76 || ^4.1.8" } }, "sha512-YDht3t7TDyWKP+JYZp20VuYqSjyF2brHYh47GGFDUPf2wZiqNQ263ecL+quar2bP3GZ3BeQA8f0m2B7UwLPR+g=="],

    "@ai-sdk/provider": ["@ai-sdk/provider@3.0.8", "", { "dependencies": { "json-schema": "^0.4.0" } }, "sha512-oGMAgGoQdBXbZqNG0Ze56CHjDZ1IDYOwGYxYjO5KLSlz5HiNQ9udIXsPZ61VWaHGZ5XW/jyjmr6t2xz2jGVwbQ=="],

    "@ai-sdk/provider-utils": ["@ai-sdk/provider-utils@4.0.15", "", { "dependencies": { "@ai-sdk/provider": "3.0.8", "@standard-schema/spec": "^1.1.0", "eventsource-parser": "^3.0.6" }, "peerDependencies": { "zod": "^3.25.76 || ^4.1.8" } }, "sha512-8XiKWbemmCbvNN0CLR9u3PQiet4gtEVIrX4zzLxnCj06AwsEDJwJVBbKrEI4t6qE8XRSIvU2irka0dcpziKW6w=="],

    "@napi-rs/canvas": ["@napi-rs/canvas@0.1.80", "", { "optionalDependencies": { "@napi-rs/canvas-android-arm64": "0.1.80", "@napi-rs/canvas-darwin-arm64": "0.1.80", "@napi-rs/canvas-darwin-x64": "0.1.80", "@napi-rs/canvas-linux-arm-gnueabihf": "0.1.80", "@napi-rs/canvas-linux-arm64-gnu": "0.1.80", "@napi-rs/canvas-linux-arm64-musl": "0.1.80", "@napi-rs/canvas-linux-riscv64-gnu": "0.1.80", "@napi-rs/canvas-linux-x64-gnu": "0.1.80", "@napi-rs/canvas-linux-x64-musl": "0.1.80", "@napi-rs/canvas-win32-x64-msvc": "0.1.80" } }, "sha512-DxuT1ClnIPts1kQx8FBmkk4BQDTfI5kIzywAaMjQSXfNnra5UFU9PwurXrl+Je3bJ6BGsp/zmshVVFbCmyI+ww=="],

    "@napi-rs/canvas-android-arm64": ["@napi-rs/canvas-android-arm64@0.1.80", "", { "os": "android", "cpu": "arm64" }, "sha512-sk7xhN/MoXeuExlggf91pNziBxLPVUqF2CAVnB57KLG/pz7+U5TKG8eXdc3pm0d7Od0WreB6ZKLj37sX9muGOQ=="],

    "@napi-rs/canvas-darwin-arm64": ["@napi-rs/canvas-darwin-arm64@0.1.80", "", { "os": "darwin", "cpu": "arm64" }, "sha512-O64APRTXRUiAz0P8gErkfEr3lipLJgM6pjATwavZ22ebhjYl/SUbpgM0xcWPQBNMP1n29afAC/Us5PX1vg+JNQ=="],

    "@napi-rs/canvas-darwin-x64": ["@napi-rs/canvas-darwin-x64@0.1.80", "", { "os": "darwin", "cpu": "x64" }, "sha512-FqqSU7qFce0Cp3pwnTjVkKjjOtxMqRe6lmINxpIZYaZNnVI0H5FtsaraZJ36SiTHNjZlUB69/HhxNDT1Aaa9vA=="],

    "@napi-rs/canvas-linux-arm-gnueabihf": ["@napi-rs/canvas-linux-arm-gnueabihf@0.1.80", "", { "os": "linux", "cpu": "arm" }, "sha512-eyWz0ddBDQc7/JbAtY4OtZ5SpK8tR4JsCYEZjCE3dI8pqoWUC8oMwYSBGCYfsx2w47cQgQCgMVRVTFiiO38hHQ=="],

    "@napi-rs/canvas-linux-arm64-gnu": ["@napi-rs/canvas-linux-arm64-gnu@0.1.80", "", { "os": "linux", "cpu": "arm64" }, "sha512-qwA63t8A86bnxhuA/GwOkK3jvb+XTQaTiVML0vAWoHyoZYTjNs7BzoOONDgTnNtr8/yHrq64XXzUoLqDzU+Uuw=="],

    "@napi-rs/canvas-linux-arm64-musl": ["@napi-rs/canvas-linux-arm64-musl@0.1.80", "", { "os": "linux", "cpu": "arm64" }, "sha512-1XbCOz/ymhj24lFaIXtWnwv/6eFHXDrjP0jYkc6iHQ9q8oXKzUX1Lc6bu+wuGiLhGh2GS/2JlfORC5ZcXimRcg=="],

    "@napi-rs/canvas-linux-riscv64-gnu": ["@napi-rs/canvas-linux-riscv64-gnu@0.1.80", "", { "os": "linux", "cpu": "none" }, "sha512-XTzR125w5ZMs0lJcxRlS1K3P5RaZ9RmUsPtd1uGt+EfDyYMu4c6SEROYsxyatbbu/2+lPe7MPHOO/0a0x7L/gw=="],

    "@napi-rs/canvas-linux-x64-gnu": ["@napi-rs/canvas-linux-x64-gnu@0.1.80", "", { "os": "linux", "cpu": "x64" }, "sha512-BeXAmhKg1kX3UCrJsYbdQd3hIMDH/K6HnP/pG2LuITaXhXBiNdh//TVVVVCBbJzVQaV5gK/4ZOCMrQW9mvuTqA=="],

    "@napi-rs/canvas-linux-x64-musl": ["@napi-rs/canvas-linux-x64-musl@0.1.80", "", { "os": "linux", "cpu": "x64" }, "sha512-x0XvZWdHbkgdgucJsRxprX/4o4sEed7qo9rCQA9ugiS9qE2QvP0RIiEugtZhfLH3cyI+jIRFJHV4Fuz+1BHHMg=="],

    "@napi-rs/canvas-win32-x64-msvc": ["@napi-rs/canvas-win32-x64-msvc@0.1.80", "", { "os": "win32", "cpu": "x64" }, "sha512-Z8jPsM6df5V8B1HrCHB05+bDiCxjE9QA//3YrkKIdVDEwn5RKaqOxCJDRJkl48cJbylcrJbW4HxZbTte8juuPg=="],

    "@openrouter/ai-sdk-provider": ["@openrouter/ai-sdk-provider@2.2.3", "", { "peerDependencies": { "ai": "^6.0.0", "zod": "^3.25.0 || ^4.0.0" } }, "sha512-NovC+BaCfEeJwhToDrs8JeDYXXlJdEyz7lcxkjtyePSE4eoAKik872SyDK0MzXKcz8MRkv7XlNhPI6zz4TQp0g=="],

    "@opentelemetry/api": ["@opentelemetry/api@1.9.0", "", {}, "sha512-3giAOQvZiH5F9bMlMiv8+GSPMeqg0dbaeo58/0SlA9sxSqZhnUtxzX9/2FzyhS9sWQf5S0GJE0AKBrFqjpeYcg=="],

    "@standard-schema/spec": ["@standard-schema/spec@1.1.0", "", {}, "sha512-l2aFy5jALhniG5HgqrD6jXLi/rUWrKvqN/qJx6yoJsgKhblVd+iqqU4RCXavm/jPityDo5TCvKMnpjKnOriy0w=="],

    "@types/bun": ["@types/bun@1.3.8", "", { "dependencies": { "bun-types": "1.3.8" } }, "sha512-3LvWJ2q5GerAXYxO2mffLTqOzEu5qnhEAlh48Vnu8WQfnmSwbgagjGZV6BoHKJztENYEDn6QmVd949W4uESRJA=="],

    "@types/node": ["@types/node@25.2.0", "", { "dependencies": { "undici-types": "~7.16.0" } }, "sha512-DZ8VwRFUNzuqJ5khrvwMXHmvPe+zGayJhr2CDNiKB1WBE1ST8Djl00D0IC4vvNmHMdj6DlbYRIaFE7WHjlDl5w=="],

    "@vercel/oidc": ["@vercel/oidc@3.1.0", "", {}, "sha512-Fw28YZpRnA3cAHHDlkt7xQHiJ0fcL+NRcIqsocZQUSmbzeIKRpwttJjik5ZGanXP+vlA4SbTg+AbA3bP363l+w=="],

    "ai": ["ai@6.0.97", "", { "dependencies": { "@ai-sdk/gateway": "3.0.53", "@ai-sdk/provider": "3.0.8", "@ai-sdk/provider-utils": "4.0.15", "@opentelemetry/api": "1.9.0" }, "peerDependencies": { "zod": "^3.25.76 || ^4.1.8" } }, "sha512-eZIAcBymwGhBwncRH/v9pillZNMeRCDkc4BwcvwXerXd7sxjVxRis3ZNCNCpP02pVH4NLs81ljm4cElC4vbNcQ=="],

    "ajv": ["ajv@8.17.1", "", { "dependencies": { "fast-deep-equal": "^3.1.3", "fast-uri": "^3.0.1", "json-schema-traverse": "^1.0.0", "require-from-string": "^2.0.2" } }, "sha512-B/gBuNg5SiMTrPkC+A2+cW0RszwxYmn6VYxB/inlBStS5nx6xHIt/ehKRhIMhqusl7a8LjQoZnjCs5vhwxOQ1g=="],

    "ajv-formats": ["ajv-formats@3.0.1", "", { "dependencies": { "ajv": "^8.0.0" } }, "sha512-8iUql50EUR+uUcdRQ3HDqa6EVyo3docL8g5WJ3FNcWmu62IbkGUue/pEyLBW8VGKKucTPgqeks4fIU1DA4yowQ=="],

    "bun-types": ["bun-types@1.3.8", "", { "dependencies": { "@types/node": "*" } }, "sha512-fL99nxdOWvV4LqjmC+8Q9kW3M4QTtTR1eePs94v5ctGqU8OeceWrSUaRw3JYb7tU3FkMIAjkueehrHPPPGKi5Q=="],

    "citty": ["citty@0.2.1", "", {}, "sha512-kEV95lFBhQgtogAPlQfJJ0WGVSokvLr/UEoFPiKKOXF7pl98HfUVUD0ejsuTCld/9xH9vogSywZ5KqHzXrZpqg=="],

    "crc-32": ["crc-32@1.2.2", "", { "bin": { "crc32": "bin/crc32.njs" } }, "sha512-ROmzCKrTnOwybPcJApAA6WBWij23HVfGVNKqqrZpuyZOHqK2CwHSvpGuyt/UNNvaIjEd8X5IFGp4Mh+Ie1IHJQ=="],

    "eventsource-parser": ["eventsource-parser@3.0.6", "", {}, "sha512-Vo1ab+QXPzZ4tCa8SwIHJFaSzy4R6SHf7BY79rFBDf0idraZWAkYrDjDj8uWaSm3S2TK+hJ7/t1CEmZ7jXw+pg=="],

    "fast-deep-equal": ["fast-deep-equal@3.1.3", "", {}, "sha512-f3qQ9oQy9j2AhBe/H9VC91wLmKBCCU/gDOnKNAYG5hswO7BLKj09Hc5HYNz9cGI++xlpDCIgDaitVs03ATR84Q=="],

    "fast-uri": ["fast-uri@3.1.0", "", {}, "sha512-iPeeDKJSWf4IEOasVVrknXpaBV0IApz/gp7S2bb7Z4Lljbl2MGJRqInZiUrQwV16cpzw/D3S5j5Julj/gT52AA=="],

    "json-schema": ["json-schema@0.4.0", "", {}, "sha512-es94M3nTIfsEPisRafak+HDLfHXnKBhV3vU5eqPcS3flIWqcxJWgXHXiey3YrpaNsanY5ei1VoYEbOzijuq9BA=="],

    "json-schema-traverse": ["json-schema-traverse@1.0.0", "", {}, "sha512-NM8/P9n3XjXhIZn1lLhkFaACTOURQXjWhV4BA/RnOv8xvgqtqpAX9IO4mRQxSx1Rlo4tqzeqb0sOlruaOy3dug=="],

    "pdf-parse": ["pdf-parse@2.4.5", "", { "dependencies": { "@napi-rs/canvas": "0.1.80", "pdfjs-dist": "5.4.296" }, "bin": { "pdf-parse": "bin/cli.mjs" } }, "sha512-mHU89HGh7v+4u2ubfnevJ03lmPgQ5WU4CxAVmTSh/sxVTEDYd1er/dKS/A6vg77NX47KTEoihq8jZBLr8Cxuwg=="],

    "pdfjs-dist": ["pdfjs-dist@5.4.296", "", { "optionalDependencies": { "@napi-rs/canvas": "^0.1.80" } }, "sha512-DlOzet0HO7OEnmUmB6wWGJrrdvbyJKftI1bhMitK7O2N8W2gc757yyYBbINy9IDafXAV9wmKr9t7xsTaNKRG5Q=="],

    "require-from-string": ["require-from-string@2.0.2", "", {}, "sha512-Xf0nWe6RseziFMu+Ap9biiUbmplq6S9/p+7w7YXP/JBHhrUDDUhwa+vANyubuqfZWTveU//DYVGsDG7RKL/vEw=="],

    "typescript": ["typescript@5.9.3", "", { "bin": { "tsc": "bin/tsc", "tsserver": "bin/tsserver" } }, "sha512-jl1vZzPDinLr9eUt3J/t7V6FgNEw9QjvBPdysz9KfQDD41fQrC2Y4vKQdiaUpFT4bXlb1RHhLpp8wtm6M5TgSw=="],

    "undici-types": ["undici-types@7.16.0", "", {}, "sha512-Zz+aZWSj8LE6zoxD+xrjh4VfkIG8Ya6LvYkZqtUQGJPZjYl53ypCaUwWqo7eI0x66KBGeRo+mlBEkMSeSZ38Nw=="],

    "yocto-spinner": ["yocto-spinner@1.1.0", "", { "dependencies": { "yoctocolors": "^2.1.1" } }, "sha512-/BY0AUXnS7IKO354uLLA2eRcWiqDifEbd6unXCsOxkFDAkhgUL3PH9X2bFoaU0YchnDXsF+iKleeTLJGckbXfA=="],

    "yoctocolors": ["yoctocolors@2.1.2", "", {}, "sha512-CzhO+pFNo8ajLM2d2IW/R93ipy99LWjtwblvC1RsoSUMZgyLbYFr221TnSNT7GjGdYui6P459mw9JH/g/zW2ug=="],

    "zod": ["zod@4.3.6", "", {}, "sha512-rftlrkhHZOcjDwkGlnUtZZkvaPHCsDATp4pGpuOOMDaTdDDXF91wuVDJoWoPsKX/3YPQ5fHuF3STjcYyKr+Qhg=="],
  }
}
